# apionly.lock -- the published contracts this project builds against.
# Generated by the Arc-E-Tect API-Only Subscriber. Commit it; do not edit it.
# Run `verifyApiSpec` to check that what is on disk still matches.
format 1

target refunds
version 1.0.0
channel file
sha256 bf47b56e864e88a77e945985f730d108532fd29d19b610aa60594e688a0d7d01 openapi.yaml
