# apionly.lock -- the published contracts this project builds against.
# Generated by the Arc-E-Tect API-Only Subscriber. Commit it; do not edit it.
# Run `verifyApiSpec` to check that what is on disk still matches.
format 1

target orders
version 1.0.0
channel file
sha256 caecfedabb33e61725faf0129b8cd29594efcd40d0c01f590d05f1d1ad88f357 openapi.yaml
