{
  "name": "api-only-transcriberj-description-bundles",
  "lockfileVersion": 3,
  "requires": true,
  "packages": {
    "": {
      "name": "api-only-transcriberj-description-bundles",
      "devDependencies": {
        "@arc-e-tect/api-only-publisher": "0.7.0"
      }
    },
    "node_modules/@arc-e-tect/api-only-publisher": {
      "version": "0.7.0",
      "resolved": "https://registry.npmjs.org/@arc-e-tect/api-only-publisher/-/api-only-publisher-0.7.0.tgz",
      "integrity": "sha512-202lcjbqRpuqQG+a8iEWTiYxD99YkuMY9xYKdbGa+6YaavRBIWy5rxfAW8lxkWXing+WTzqCGs54Vha0iDrunA==",
      "dev": true,
      "license": "MIT",
      "dependencies": {
        "yaml": "2.9.1"
      },
      "bin": {
        "api-only-publisher": "src/cli.js"
      },
      "engines": {
        "node": "^22.14.0 || ^24.10.0 || >=26.0.0"
      }
    },
    "node_modules/yaml": {
      "version": "2.9.1",
      "resolved": "https://registry.npmjs.org/yaml/-/yaml-2.9.1.tgz",
      "integrity": "sha512-3NxN8+78OdzbT7C/WjGsyfPAtJaN3FNDsWxv7Y7mcDsT/oOmgW8BpyQQFFBnvZE3j9Y2Sdz1ULFLezL7Eb2yFw==",
      "dev": true,
      "license": "ISC",
      "bin": {
        "yaml": "bin.mjs"
      },
      "engines": {
        "node": ">= 14.6"
      },
      "funding": {
        "url": "https://github.com/sponsors/eemeli"
      }
    }
  }
}
